
Microsoft Visual Studio Solution File, Format Version 12.00
# Visual Studio Version 17
VisualStudioVersion = 17.5.002.0
MinimumVisualStudioVersion = 10.0.40219.1
Project("{9A19103F-16F7-4668-BE54-9A1E7A4F7556}") = "Duffel.ApiClient", "Duffel.ApiClient.csproj", "{2CF7C70E-8DB2-4567-904E-5966200CE433}"
EndProject
Global
	GlobalSection(SolutionConfigurationPlatforms) = preSolution
		Debug|Any CPU = Debug|Any CPU
		Release|Any CPU = Release|Any CPU
	EndGlobalSection
	GlobalSection(ProjectConfigurationPlatforms) = postSolution
		{2CF7C70E-8DB2-4567-904E-5966200CE433}.Debug|Any CPU.ActiveCfg = Debug|Any CPU
		{2CF7C70E-8DB2-4567-904E-5966200CE433}.Debug|Any CPU.Build.0 = Debug|Any CPU
		{2CF7C70E-8DB2-4567-904E-5966200CE433}.Release|Any CPU.ActiveCfg = Release|Any CPU
		{2CF7C70E-8DB2-4567-904E-5966200CE433}.Release|Any CPU.Build.0 = Release|Any CPU
	EndGlobalSection
	GlobalSection(SolutionProperties) = preSolution
		HideSolutionNode = FALSE
	EndGlobalSection
	GlobalSection(ExtensibilityGlobals) = postSolution
		SolutionGuid = {87F6CDF4-E6BB-4466-8BE7-2A922231D1F1}
	EndGlobalSection
EndGlobal
